// !$*UTF8*$!
{
	archiveVersion = 1;
	classes = {
	};
	objectVersion = 50;
	objects = {

/* Begin PBXBuildFile section */
		036AC4D422152A9D00DD4DF8 /* Future.swift in Sources */ = {isa = PBXBuildFile; fileRef = 036AC4D222152A9D00DD4DF8 /* Future.swift */; };
		036AC4D522152A9D00DD4DF8 /* Endpoint.swift in Sources */ = {isa = PBXBuildFile; fileRef = 036AC4D322152A9D00DD4DF8 /* Endpoint.swift */; };
		036AC4D7221AEE8700DD4DF8 /* MenuItemDetailViewController.swift in Sources */ = {isa = PBXBuildFile; fileRef = 036AC4D6221AEE8700DD4DF8 /* MenuItemDetailViewController.swift */; };
		036AC4D9221AEED500DD4DF8 /* MenuItemCustomizationViewController.swift in Sources */ = {isa = PBXBuildFile; fileRef = 036AC4D8221AEED500DD4DF8 /* MenuItemCustomizationViewController.swift */; };
		036AC4DB221AEF1100DD4DF8 /* DetailTextView.swift in Sources */ = {isa = PBXBuildFile; fileRef = 036AC4DA221AEF1100DD4DF8 /* DetailTextView.swift */; };
		036AC4DD221AEF2400DD4DF8 /* HeaderView.swift in Sources */ = {isa = PBXBuildFile; fileRef = 036AC4DC221AEF2400DD4DF8 /* HeaderView.swift */; };
		2B201DA7999CBE264DE81BE2 /* Pods_Chatty_Cathy.framework in Frameworks */ = {isa = PBXBuildFile; fileRef = 81C571D1D415D99B3FCE07BF /* Pods_Chatty_Cathy.framework */; };
		6DAC68202214D2A100B6A6A9 /* AppDelegate.swift in Sources */ = {isa = PBXBuildFile; fileRef = 6DAC681F2214D2A100B6A6A9 /* AppDelegate.swift */; };
		6DAC68222214D2A100B6A6A9 /* HomeViewController.swift in Sources */ = {isa = PBXBuildFile; fileRef = 6DAC68212214D2A100B6A6A9 /* HomeViewController.swift */; };
		6DAC68272214D2A200B6A6A9 /* Assets.xcassets in Resources */ = {isa = PBXBuildFile; fileRef = 6DAC68262214D2A200B6A6A9 /* Assets.xcassets */; };
		6DAC682A2214D2A200B6A6A9 /* LaunchScreen.storyboard in Resources */ = {isa = PBXBuildFile; fileRef = 6DAC68282214D2A200B6A6A9 /* LaunchScreen.storyboard */; };
/* End PBXBuildFile section */

/* Begin PBXFileReference section */
		036AC4D222152A9D00DD4DF8 /* Future.swift */ = {isa = PBXFileReference; fileEncoding = 4; lastKnownFileType = sourcecode.swift; path = Future.swift; sourceTree = "<group>"; };
		036AC4D322152A9D00DD4DF8 /* Endpoint.swift */ = {isa = PBXFileReference; fileEncoding = 4; lastKnownFileType = sourcecode.swift; path = Endpoint.swift; sourceTree = "<group>"; };
		036AC4D6221AEE8700DD4DF8 /* MenuItemDetailViewController.swift */ = {isa = PBXFileReference; lastKnownFileType = sourcecode.swift; path = MenuItemDetailViewController.swift; sourceTree = "<group>"; };
		036AC4D8221AEED500DD4DF8 /* MenuItemCustomizationViewController.swift */ = {isa = PBXFileReference; lastKnownFileType = sourcecode.swift; path = MenuItemCustomizationViewController.swift; sourceTree = "<group>"; };
		036AC4DA221AEF1100DD4DF8 /* DetailTextView.swift */ = {isa = PBXFileReference; lastKnownFileType = sourcecode.swift; path = DetailTextView.swift; sourceTree = "<group>"; };
		036AC4DC221AEF2400DD4DF8 /* HeaderView.swift */ = {isa = PBXFileReference; lastKnownFileType = sourcecode.swift; path = HeaderView.swift; sourceTree = "<group>"; };
		1821EAA06E3B808601D76862 /* Pods-Chatty Cathy.release.xcconfig */ = {isa = PBXFileReference; includeInIndex = 1; lastKnownFileType = text.xcconfig; name = "Pods-Chatty Cathy.release.xcconfig"; path = "Pods/Target Support Files/Pods-Chatty Cathy/Pods-Chatty Cathy.release.xcconfig"; sourceTree = "<group>"; };
		6DAC681C2214D2A100B6A6A9 /* Chatty Cathy.app */ = {isa = PBXFileReference; explicitFileType = wrapper.application; includeInIndex = 0; path = "Chatty Cathy.app"; sourceTree = BUILT_PRODUCTS_DIR; };
		6DAC681F2214D2A100B6A6A9 /* AppDelegate.swift */ = {isa = PBXFileReference; lastKnownFileType = sourcecode.swift; path = AppDelegate.swift; sourceTree = "<group>"; };
		6DAC68212214D2A100B6A6A9 /* HomeViewController.swift */ = {isa = PBXFileReference; lastKnownFileType = sourcecode.swift; path = HomeViewController.swift; sourceTree = "<group>"; };
		6DAC68262214D2A200B6A6A9 /* Assets.xcassets */ = {isa = PBXFileReference; lastKnownFileType = folder.assetcatalog; path = Assets.xcassets; sourceTree = "<group>"; };
		6DAC68292214D2A200B6A6A9 /* Base */ = {isa = PBXFileReference; lastKnownFileType = file.storyboard; name = Base; path = Base.lproj/LaunchScreen.storyboard; sourceTree = "<group>"; };
		6DAC682B2214D2A200B6A6A9 /* Info.plist */ = {isa = PBXFileReference; lastKnownFileType = text.plist.xml; path = Info.plist; sourceTree = "<group>"; };
		81C571D1D415D99B3FCE07BF /* Pods_Chatty_Cathy.framework */ = {isa = PBXFileReference; explicitFileType = wrapper.framework; includeInIndex = 0; path = Pods_Chatty_Cathy.framework; sourceTree = BUILT_PRODUCTS_DIR; };
		9D02B1DEAAA6462C7C14B7FD /* Pods-Chatty Cathy.debug.xcconfig */ = {isa = PBXFileReference; includeInIndex = 1; lastKnownFileType = text.xcconfig; name = "Pods-Chatty Cathy.debug.xcconfig"; path = "Pods/Target Support Files/Pods-Chatty Cathy/Pods-Chatty Cathy.debug.xcconfig"; sourceTree = "<group>"; };
/* End PBXFileReference section */

/* Begin PBXFrameworksBuildPhase section */
		6DAC68192214D2A000B6A6A9 /* Frameworks */ = {
			isa = PBXFrameworksBuildPhase;
			buildActionMask = 2147483647;
			files = (
				2B201DA7999CBE264DE81BE2 /* Pods_Chatty_Cathy.framework in Frameworks */,
			);
			runOnlyForDeploymentPostprocessing = 0;
		};
/* End PBXFrameworksBuildPhase section */

/* Begin PBXGroup section */
		46821A782B36CE2F18800BDC /* Frameworks */ = {
			isa = PBXGroup;
			children = (
				81C571D1D415D99B3FCE07BF /* Pods_Chatty_Cathy.framework */,
			);
			name = Frameworks;
			sourceTree = "<group>";
		};
		5051B8819A6D7E6F9F16CEE7 /* Pods */ = {
			isa = PBXGroup;
			children = (
				9D02B1DEAAA6462C7C14B7FD /* Pods-Chatty Cathy.debug.xcconfig */,
				1821EAA06E3B808601D76862 /* Pods-Chatty Cathy.release.xcconfig */,
			);
			name = Pods;
			sourceTree = "<group>";
		};
		6DAC68132214D2A000B6A6A9 = {
			isa = PBXGroup;
			children = (
				6DAC681E2214D2A100B6A6A9 /* Chatty Cathy */,
				6DAC681D2214D2A100B6A6A9 /* Products */,
				5051B8819A6D7E6F9F16CEE7 /* Pods */,
				46821A782B36CE2F18800BDC /* Frameworks */,
			);
			sourceTree = "<group>";
		};
		6DAC681D2214D2A100B6A6A9 /* Products */ = {
			isa = PBXGroup;
			children = (
				6DAC681C2214D2A100B6A6A9 /* Chatty Cathy.app */,
			);
			name = Products;
			sourceTree = "<group>";
		};
		6DAC681E2214D2A100B6A6A9 /* Chatty Cathy */ = {
			isa = PBXGroup;
			children = (
				036AC4D322152A9D00DD4DF8 /* Endpoint.swift */,
				036AC4D222152A9D00DD4DF8 /* Future.swift */,
				6DAC681F2214D2A100B6A6A9 /* AppDelegate.swift */,
				6DAC68212214D2A100B6A6A9 /* HomeViewController.swift */,
				036AC4D6221AEE8700DD4DF8 /* MenuItemDetailViewController.swift */,
				036AC4D8221AEED500DD4DF8 /* MenuItemCustomizationViewController.swift */,
				036AC4DA221AEF1100DD4DF8 /* DetailTextView.swift */,
				036AC4DC221AEF2400DD4DF8 /* HeaderView.swift */,
				6DAC68262214D2A200B6A6A9 /* Assets.xcassets */,
				6DAC68282214D2A200B6A6A9 /* LaunchScreen.storyboard */,
				6DAC682B2214D2A200B6A6A9 /* Info.plist */,
			);
			path = "Chatty Cathy";
			sourceTree = "<group>";
		};
/* End PBXGroup section */

/* Begin PBXNativeTarget section */
		6DAC681B2214D2A000B6A6A9 /* Chatty Cathy */ = {
			isa = PBXNativeTarget;
			buildConfigurationList = 6DAC682E2214D2A200B6A6A9 /* Build configuration list for PBXNativeTarget "Chatty Cathy" */;
			buildPhases = (
				607D6354F9942E76FA4FF855 /* [CP] Check Pods Manifest.lock */,
				6DAC68182214D2A000B6A6A9 /* Sources */,
				6DAC68192214D2A000B6A6A9 /* Frameworks */,
				6DAC681A2214D2A000B6A6A9 /* Resources */,
				E5AD24F0C2C795EEB4E473A6 /* [CP] Embed Pods Frameworks */,
			);
			buildRules = (
			);
			dependencies = (
			);
			name = "Chatty Cathy";
			productName = "Chatty Cathy";
			productReference = 6DAC681C2214D2A100B6A6A9 /* Chatty Cathy.app */;
			productType = "com.apple.product-type.application";
		};
/* End PBXNativeTarget section */

/* Begin PBXProject section */
		6DAC68142214D2A000B6A6A9 /* Project object */ = {
			isa = PBXProject;
			attributes = {
				LastSwiftUpdateCheck = 1010;
				LastUpgradeCheck = 1010;
				ORGANIZATIONNAME = "Cornell AppDev";
				TargetAttributes = {
					6DAC681B2214D2A000B6A6A9 = {
						CreatedOnToolsVersion = 10.1;
					};
				};
			};
			buildConfigurationList = 6DAC68172214D2A000B6A6A9 /* Build configuration list for PBXProject "Chatty Cathy" */;
			compatibilityVersion = "Xcode 9.3";
			developmentRegion = en;
			hasScannedForEncodings = 0;
			knownRegions = (
				en,
				Base,
			);
			mainGroup = 6DAC68132214D2A000B6A6A9;
			productRefGroup = 6DAC681D2214D2A100B6A6A9 /* Products */;
			projectDirPath = "";
			projectRoot = "";
			targets = (
				6DAC681B2214D2A000B6A6A9 /* Chatty Cathy */,
			);
		};
/* End PBXProject section */

/* Begin PBXResourcesBuildPhase section */
		6DAC681A2214D2A000B6A6A9 /* Resources */ = {
			isa = PBXResourcesBuildPhase;
			buildActionMask = 2147483647;
			files = (
				6DAC682A2214D2A200B6A6A9 /* LaunchScreen.storyboard in Resources */,
				6DAC68272214D2A200B6A6A9 /* Assets.xcassets in Resources */,
			);
			runOnlyForDeploymentPostprocessing = 0;
		};
/* End PBXResourcesBuildPhase section */

/* Begin PBXShellScriptBuildPhase section */
		607D6354F9942E76FA4FF855 /* [CP] Check Pods Manifest.lock */ = {
			isa = PBXShellScriptBuildPhase;
			buildActionMask = 2147483647;
			files = (
			);
			inputPaths = (
				"${PODS_PODFILE_DIR_PATH}/Podfile.lock",
				"${PODS_ROOT}/Manifest.lock",
			);
			name = "[CP] Check Pods Manifest.lock";
			outputPaths = (
				"$(DERIVED_FILE_DIR)/Pods-Chatty Cathy-checkManifestLockResult.txt",
			);
			runOnlyForDeploymentPostprocessing = 0;
			shellPath = /bin/sh;
			shellScript = "diff \"${PODS_PODFILE_DIR_PATH}/Podfile.lock\" \"${PODS_ROOT}/Manifest.lock\" > /dev/null\nif [ $? != 0 ] ; then\n    # print error to STDERR\n    echo \"error: The sandbox is not in sync with the Podfile.lock. Run 'pod install' or update your CocoaPods installation.\" >&2\n    exit 1\nfi\n# This output is used by Xcode 'outputs' to avoid re-running this script phase.\necho \"SUCCESS\" > \"${SCRIPT_OUTPUT_FILE_0}\"\n";
			showEnvVarsInLog = 0;
		};
		E5AD24F0C2C795EEB4E473A6 /* [CP] Embed Pods Frameworks */ = {
			isa = PBXShellScriptBuildPhase;
			buildActionMask = 2147483647;
			files = (
			);
			inputFileListPaths = (
			);
			inputPaths = (
				"${SRCROOT}/Pods/Target Support Files/Pods-Chatty Cathy/Pods-Chatty Cathy-frameworks.sh",
				"${BUILT_PRODUCTS_DIR}/SnapKit/SnapKit.framework",
			);
			name = "[CP] Embed Pods Frameworks";
			outputFileListPaths = (
			);
			outputPaths = (
				"${TARGET_BUILD_DIR}/${FRAMEWORKS_FOLDER_PATH}/SnapKit.framework",
			);
			runOnlyForDeploymentPostprocessing = 0;
			shellPath = /bin/sh;
			shellScript = "\"${SRCROOT}/Pods/Target Support Files/Pods-Chatty Cathy/Pods-Chatty Cathy-frameworks.sh\"\n";
			showEnvVarsInLog = 0;
		};
/* End PBXShellScriptBuildPhase section */

/* Begin PBXSourcesBuildPhase section */
		6DAC68182214D2A000B6A6A9 /* Sources */ = {
			isa = PBXSourcesBuildPhase;
			buildActionMask = 2147483647;
			files = (
				036AC4D9221AEED500DD4DF8 /* MenuItemCustomizationViewController.swift in Sources */,
				036AC4D7221AEE8700DD4DF8 /* MenuItemDetailViewController.swift in Sources */,
				036AC4D422152A9D00DD4DF8 /* Future.swift in Sources */,
				036AC4DB221AEF1100DD4DF8 /* DetailTextView.swift in Sources */,
				6DAC68222214D2A100B6A6A9 /* HomeViewController.swift in Sources */,
				036AC4D522152A9D00DD4DF8 /* Endpoint.swift in Sources */,
				6DAC68202214D2A100B6A6A9 /* AppDelegate.swift in Sources */,
				036AC4DD221AEF2400DD4DF8 /* HeaderView.swift in Sources */,
			);
			runOnlyForDeploymentPostprocessing = 0;
		};
/* End PBXSourcesBuildPhase section */

/* Begin PBXVariantGroup section */
		6DAC68282214D2A200B6A6A9 /* LaunchScreen.storyboard */ = {
			isa = PBXVariantGroup;
			children = (
				6DAC68292214D2A200B6A6A9 /* Base */,
			);
			name = LaunchScreen.storyboard;
			sourceTree = "<group>";
		};
/* End PBXVariantGroup section */

/* Begin XCBuildConfiguration section */
		6DAC682C2214D2A200B6A6A9 /* Debug */ = {
			isa = XCBuildConfiguration;
			buildSettings = {
				ALWAYS_SEARCH_USER_PATHS = NO;
				CLANG_ANALYZER_NONNULL = YES;
				CLANG_ANALYZER_NUMBER_OBJECT_CONVERSION = YES_AGGRESSIVE;
				CLANG_CXX_LANGUAGE_STANDARD = "gnu++14";
				CLANG_CXX_LIBRARY = "libc++";
				CLANG_ENABLE_MODULES = YES;
				CLANG_ENABLE_OBJC_ARC = YES;
				CLANG_ENABLE_OBJC_WEAK = YES;
				CLANG_WARN_BLOCK_CAPTURE_AUTORELEASING = YES;
				CLANG_WARN_BOOL_CONVERSION = YES;
				CLANG_WARN_COMMA = YES;
				CLANG_WARN_CONSTANT_CONVERSION = YES;
				CLANG_WARN_DEPRECATED_OBJC_IMPLEMENTATIONS = YES;
				CLANG_WARN_DIRECT_OBJC_ISA_USAGE = YES_ERROR;
				CLANG_WARN_DOCUMENTATION_COMMENTS = YES;
				CLANG_WARN_EMPTY_BODY = YES;
				CLANG_WARN_ENUM_CONVERSION = YES;
				CLANG_WARN_INFINITE_RECURSION = YES;
				CLANG_WARN_INT_CONVERSION = YES;
				CLANG_WARN_NON_LITERAL_NULL_CONVERSION = YES;
				CLANG_WARN_OBJC_IMPLICIT_RETAIN_SELF = YES;
				CLANG_WARN_OBJC_LITERAL_CONVERSION = YES;
				CLANG_WARN_OBJC_ROOT_CLASS = YES_ERROR;
				CLANG_WARN_RANGE_LOOP_ANALYSIS = YES;
				CLANG_WARN_STRICT_PROTOTYPES = YES;
				CLANG_WARN_SUSPICIOUS_MOVE = YES;
				CLANG_WARN_UNGUARDED_AVAILABILITY = YES_AGGRESSIVE;
				CLANG_WARN_UNREACHABLE_CODE = YES;
				CLANG_WARN__DUPLICATE_METHOD_MATCH = YES;
				CODE_SIGN_IDENTITY = "iPhone Developer";
				COPY_PHASE_STRIP = NO;
				DEBUG_INFORMATION_FORMAT = dwarf;
				ENABLE_STRICT_OBJC_MSGSEND = YES;
				ENABLE_TESTABILITY = YES;
				GCC_C_LANGUAGE_STANDARD = gnu11;
				GCC_DYNAMIC_NO_PIC = NO;
				GCC_NO_COMMON_BLOCKS = YES;
				GCC_OPTIMIZATION_LEVEL = 0;
				GCC_PREPROCESSOR_DEFINITIONS = (
					"DEBUG=1",
					"$(inherited)",
				);
				GCC_WARN_64_TO_32_BIT_CONVERSION = YES;
				GCC_WARN_ABOUT_RETURN_TYPE = YES_ERROR;
				GCC_WARN_UNDECLARED_SELECTOR = YES;
				GCC_WARN_UNINITIALIZED_AUTOS = YES_AGGRESSIVE;
				GCC_WARN_UNUSED_FUNCTION = YES;
				GCC_WARN_UNUSED_VARIABLE = YES;
				IPHONEOS_DEPLOYMENT_TARGET = 12.1;
				MTL_ENABLE_DEBUG_INFO = INCLUDE_SOURCE;
				MTL_FAST_MATH = YES;
				ONLY_ACTIVE_ARCH = YES;
				SDKROOT = iphoneos;
				SWIFT_ACTIVE_COMPILATION_CONDITIONS = DEBUG;
				SWIFT_OPTIMIZATION_LEVEL = "-Onone";
			};
			name = Debug;
		};
		6DAC682D2214D2A200B6A6A9 /* Release */ = {
			isa = XCBuildConfiguration;
			buildSettings = {
				ALWAYS_SEARCH_USER_PATHS = NO;
				CLANG_ANALYZER_NONNULL = YES;
				CLANG_ANALYZER_NUMBER_OBJECT_CONVERSION = YES_AGGRESSIVE;
				CLANG_CXX_LANGUAGE_STANDARD = "gnu++14";
				CLANG_CXX_LIBRARY = "libc++";
				CLANG_ENABLE_MODULES = YES;
				CLANG_ENABLE_OBJC_ARC = YES;
				CLANG_ENABLE_OBJC_WEAK = YES;
				CLANG_WARN_BLOCK_CAPTURE_AUTORELEASING = YES;
				CLANG_WARN_BOOL_CONVERSION = YES;
				CLANG_WARN_COMMA = YES;
				CLANG_WARN_CONSTANT_CONVERSION = YES;
				CLANG_WARN_DEPRECATED_OBJC_IMPLEMENTATIONS = YES;
				CLANG_WARN_DIRECT_OBJC_ISA_USAGE = YES_ERROR;
				CLANG_WARN_DOCUMENTATION_COMMENTS = YES;
				CLANG_WARN_EMPTY_BODY = YES;
				CLANG_WARN_ENUM_CONVERSION = YES;
				CLANG_WARN_INFINITE_RECURSION = YES;
				CLANG_WARN_INT_CONVERSION = YES;
				CLANG_WARN_NON_LITERAL_NULL_CONVERSION = YES;
				CLANG_WARN_OBJC_IMPLICIT_RETAIN_SELF = YES;
				CLANG_WARN_OBJC_LITERAL_CONVERSION = YES;
				CLANG_WARN_OBJC_ROOT_CLASS = YES_ERROR;
				CLANG_WARN_RANGE_LOOP_ANALYSIS = YES;
				CLANG_WARN_STRICT_PROTOTYPES = YES;
				CLANG_WARN_SUSPICIOUS_MOVE = YES;
				CLANG_WARN_UNGUARDED_AVAILABILITY = YES_AGGRESSIVE;
				CLANG_WARN_UNREACHABLE_CODE = YES;
				CLANG_WARN__DUPLICATE_METHOD_MATCH = YES;
				CODE_SIGN_IDENTITY = "iPhone Developer";
				COPY_PHASE_STRIP = NO;
				DEBUG_INFORMATION_FORMAT = "dwarf-with-dsym";
				ENABLE_NS_ASSERTIONS = NO;
				ENABLE_STRICT_OBJC_MSGSEND = YES;
				GCC_C_LANGUAGE_STANDARD = gnu11;
				GCC_NO_COMMON_BLOCKS = YES;
				GCC_WARN_64_TO_32_BIT_CONVERSION = YES;
				GCC_WARN_ABOUT_RETURN_TYPE = YES_ERROR;
				GCC_WARN_UNDECLARED_SELECTOR = YES;
				GCC_WARN_UNINITIALIZED_AUTOS = YES_AGGRESSIVE;
				GCC_WARN_UNUSED_FUNCTION = YES;
				GCC_WARN_UNUSED_VARIABLE = YES;
				IPHONEOS_DEPLOYMENT_TARGET = 12.1;
				MTL_ENABLE_DEBUG_INFO = NO;
				MTL_FAST_MATH = YES;
				SDKROOT = iphoneos;
				SWIFT_COMPILATION_MODE = wholemodule;
				SWIFT_OPTIMIZATION_LEVEL = "-O";
				VALIDATE_PRODUCT = YES;
			};
			name = Release;
		};
		6DAC682F2214D2A200B6A6A9 /* Debug */ = {
			isa = XCBuildConfiguration;
			baseConfigurationReference = 9D02B1DEAAA6462C7C14B7FD /* Pods-Chatty Cathy.debug.xcconfig */;
			buildSettings = {
				ASSETCATALOG_COMPILER_APPICON_NAME = AppIcon;
				CODE_SIGN_STYLE = Automatic;
				DEVELOPMENT_TEAM = 2R4ZWSNX48;
				INFOPLIST_FILE = "Chatty Cathy/Info.plist";
				IPHONEOS_DEPLOYMENT_TARGET = 11.0;
				LD_RUNPATH_SEARCH_PATHS = (
					"$(inherited)",
					"@executable_path/Frameworks",
				);
				PRODUCT_BUNDLE_IDENTIFIER = "com.cornellappdev.Chatty-Cathy";
				PRODUCT_NAME = "$(TARGET_NAME)";
				SWIFT_VERSION = 4.2;
				TARGETED_DEVICE_FAMILY = "1,2";
			};
			name = Debug;
		};
		6DAC68302214D2A200B6A6A9 /* Release */ = {
			isa = XCBuildConfiguration;
			baseConfigurationReference = 1821EAA06E3B808601D76862 /* Pods-Chatty Cathy.release.xcconfig */;
			buildSettings = {
				ASSETCATALOG_COMPILER_APPICON_NAME = AppIcon;
				CODE_SIGN_STYLE = Automatic;
				DEVELOPMENT_TEAM = 2R4ZWSNX48;
				INFOPLIST_FILE = "Chatty Cathy/Info.plist";
				IPHONEOS_DEPLOYMENT_TARGET = 11.0;
				LD_RUNPATH_SEARCH_PATHS = (
					"$(inherited)",
					"@executable_path/Frameworks",
				);
				PRODUCT_BUNDLE_IDENTIFIER = "com.cornellappdev.Chatty-Cathy";
				PRODUCT_NAME = "$(TARGET_NAME)";
				SWIFT_VERSION = 4.2;
				TARGETED_DEVICE_FAMILY = "1,2";
			};
			name = Release;
		};
/* End XCBuildConfiguration section */

/* Begin XCConfigurationList section */
		6DAC68172214D2A000B6A6A9 /* Build configuration list for PBXProject "Chatty Cathy" */ = {
			isa = XCConfigurationList;
			buildConfigurations = (
				6DAC682C2214D2A200B6A6A9 /* Debug */,
				6DAC682D2214D2A200B6A6A9 /* Release */,
			);
			defaultConfigurationIsVisible = 0;
			defaultConfigurationName = Release;
		};
		6DAC682E2214D2A200B6A6A9 /* Build configuration list for PBXNativeTarget "Chatty Cathy" */ = {
			isa = XCConfigurationList;
			buildConfigurations = (
				6DAC682F2214D2A200B6A6A9 /* Debug */,
				6DAC68302214D2A200B6A6A9 /* Release */,
			);
			defaultConfigurationIsVisible = 0;
			defaultConfigurationName = Release;
		};
/* End XCConfigurationList section */
	};
	rootObject = 6DAC68142214D2A000B6A6A9 /* Project object */;
}
